// !$*UTF8*$!
{
	archiveVersion = 1;
	classes = {
	};
	objectVersion = 46;
	objects = {

/* Begin PBXBuildFile section */
		C00F23901967216100CC9A52 /* AppDelegate.swift in Sources */ = {isa = PBXBuildFile; fileRef = C00F238F1967216100CC9A52 /* AppDelegate.swift */; };
		C00F23921967216100CC9A52 /* Images.xcassets in Resources */ = {isa = PBXBuildFile; fileRef = C00F23911967216100CC9A52 /* Images.xcassets */; };
		C00F23A81967219200CC9A52 /* Linear.swift in Sources */ = {isa = PBXBuildFile; fileRef = C00F23A71967219200CC9A52 /* Linear.swift */; };
		C0166A311A26729B00D752B7 /* scaleTests.swift in Sources */ = {isa = PBXBuildFile; fileRef = C00F239D1967216100CC9A52 /* scaleTests.swift */; };
/* End PBXBuildFile section */

/* Begin PBXContainerItemProxy section */
		C00F23981967216100CC9A52 /* PBXContainerItemProxy */ = {
			isa = PBXContainerItemProxy;
			containerPortal = C00F23821967216100CC9A52 /* Project object */;
			proxyType = 1;
			remoteGlobalIDString = C00F23891967216100CC9A52;
			remoteInfo = scale;
		};
/* End PBXContainerItemProxy section */

/* Begin PBXFileReference section */
		C00F238A1967216100CC9A52 /* scale.app */ = {isa = PBXFileReference; explicitFileType = wrapper.application; includeInIndex = 0; path = scale.app; sourceTree = BUILT_PRODUCTS_DIR; };
		C00F238E1967216100CC9A52 /* Info.plist */ = {isa = PBXFileReference; lastKnownFileType = text.plist.xml; path = Info.plist; sourceTree = "<group>"; };
		C00F238F1967216100CC9A52 /* AppDelegate.swift */ = {isa = PBXFileReference; lastKnownFileType = sourcecode.swift; path = AppDelegate.swift; sourceTree = "<group>"; };
		C00F23911967216100CC9A52 /* Images.xcassets */ = {isa = PBXFileReference; lastKnownFileType = folder.assetcatalog; path = Images.xcassets; sourceTree = "<group>"; };
		C00F23971967216100CC9A52 /* scaleTests.xctest */ = {isa = PBXFileReference; explicitFileType = wrapper.cfbundle; includeInIndex = 0; path = scaleTests.xctest; sourceTree = BUILT_PRODUCTS_DIR; };
		C00F239C1967216100CC9A52 /* Info.plist */ = {isa = PBXFileReference; lastKnownFileType = text.plist.xml; path = Info.plist; sourceTree = "<group>"; };
		C00F239D1967216100CC9A52 /* scaleTests.swift */ = {isa = PBXFileReference; lastKnownFileType = sourcecode.swift; path = scaleTests.swift; sourceTree = "<group>"; };
		C00F23A71967219200CC9A52 /* Linear.swift */ = {isa = PBXFileReference; fileEncoding = 4; lastKnownFileType = sourcecode.swift; path = Linear.swift; sourceTree = "<group>"; };
/* End PBXFileReference section */

/* Begin PBXFrameworksBuildPhase section */
		C00F23871967216100CC9A52 /* Frameworks */ = {
			isa = PBXFrameworksBuildPhase;
			buildActionMask = 2147483647;
			files = (
			);
			runOnlyForDeploymentPostprocessing = 0;
		};
		C00F23941967216100CC9A52 /* Frameworks */ = {
			isa = PBXFrameworksBuildPhase;
			buildActionMask = 2147483647;
			files = (
			);
			runOnlyForDeploymentPostprocessing = 0;
		};
/* End PBXFrameworksBuildPhase section */

/* Begin PBXGroup section */
		C00F23811967216000CC9A52 = {
			isa = PBXGroup;
			children = (
				C00F238C1967216100CC9A52 /* scale */,
				C00F239A1967216100CC9A52 /* scaleTests */,
				C00F238B1967216100CC9A52 /* Products */,
			);
			sourceTree = "<group>";
		};
		C00F238B1967216100CC9A52 /* Products */ = {
			isa = PBXGroup;
			children = (
				C00F238A1967216100CC9A52 /* scale.app */,
				C00F23971967216100CC9A52 /* scaleTests.xctest */,
			);
			name = Products;
			sourceTree = "<group>";
		};
		C00F238C1967216100CC9A52 /* scale */ = {
			isa = PBXGroup;
			children = (
				C00F238F1967216100CC9A52 /* AppDelegate.swift */,
				C00F23A71967219200CC9A52 /* Linear.swift */,
				C00F23911967216100CC9A52 /* Images.xcassets */,
				C00F238D1967216100CC9A52 /* Supporting Files */,
			);
			path = scale;
			sourceTree = "<group>";
		};
		C00F238D1967216100CC9A52 /* Supporting Files */ = {
			isa = PBXGroup;
			children = (
				C00F238E1967216100CC9A52 /* Info.plist */,
			);
			name = "Supporting Files";
			sourceTree = "<group>";
		};
		C00F239A1967216100CC9A52 /* scaleTests */ = {
			isa = PBXGroup;
			children = (
				C00F239D1967216100CC9A52 /* scaleTests.swift */,
				C00F239B1967216100CC9A52 /* Supporting Files */,
			);
			path = scaleTests;
			sourceTree = "<group>";
		};
		C00F239B1967216100CC9A52 /* Supporting Files */ = {
			isa = PBXGroup;
			children = (
				C00F239C1967216100CC9A52 /* Info.plist */,
			);
			name = "Supporting Files";
			sourceTree = "<group>";
		};
/* End PBXGroup section */

/* Begin PBXNativeTarget section */
		C00F23891967216100CC9A52 /* scale */ = {
			isa = PBXNativeTarget;
			buildConfigurationList = C00F23A11967216100CC9A52 /* Build configuration list for PBXNativeTarget "scale" */;
			buildPhases = (
				C00F23861967216100CC9A52 /* Sources */,
				C00F23871967216100CC9A52 /* Frameworks */,
				C00F23881967216100CC9A52 /* Resources */,
			);
			buildRules = (
			);
			dependencies = (
			);
			name = scale;
			productName = scale;
			productReference = C00F238A1967216100CC9A52 /* scale.app */;
			productType = "com.apple.product-type.application";
		};
		C00F23961967216100CC9A52 /* scaleTests */ = {
			isa = PBXNativeTarget;
			buildConfigurationList = C00F23A41967216100CC9A52 /* Build configuration list for PBXNativeTarget "scaleTests" */;
			buildPhases = (
				C00F23931967216100CC9A52 /* Sources */,
				C00F23941967216100CC9A52 /* Frameworks */,
				C00F23951967216100CC9A52 /* Resources */,
			);
			buildRules = (
			);
			dependencies = (
				C00F23991967216100CC9A52 /* PBXTargetDependency */,
			);
			name = scaleTests;
			productName = scaleTests;
			productReference = C00F23971967216100CC9A52 /* scaleTests.xctest */;
			productType = "com.apple.product-type.bundle.unit-test";
		};
/* End PBXNativeTarget section */

/* Begin PBXProject section */
		C00F23821967216100CC9A52 /* Project object */ = {
			isa = PBXProject;
			attributes = {
				LastUpgradeCheck = 0600;
				ORGANIZATIONNAME = zemirco;
				TargetAttributes = {
					C00F23891967216100CC9A52 = {
						CreatedOnToolsVersion = 6.0;
					};
					C00F23961967216100CC9A52 = {
						CreatedOnToolsVersion = 6.0;
						TestTargetID = C00F23891967216100CC9A52;
					};
				};
			};
			buildConfigurationList = C00F23851967216100CC9A52 /* Build configuration list for PBXProject "scale" */;
			compatibilityVersion = "Xcode 3.2";
			developmentRegion = English;
			hasScannedForEncodings = 0;
			knownRegions = (
				en,
			);
			mainGroup = C00F23811967216000CC9A52;
			productRefGroup = C00F238B1967216100CC9A52 /* Products */;
			projectDirPath = "";
			projectRoot = "";
			targets = (
				C00F23891967216100CC9A52 /* scale */,
				C00F23961967216100CC9A52 /* scaleTests */,
			);
		};
/* End PBXProject section */

/* Begin PBXResourcesBuildPhase section */
		C00F23881967216100CC9A52 /* Resources */ = {
			isa = PBXResourcesBuildPhase;
			buildActionMask = 2147483647;
			files = (
				C00F23921967216100CC9A52 /* Images.xcassets in Resources */,
			);
			runOnlyForDeploymentPostprocessing = 0;
		};
		C00F23951967216100CC9A52 /* Resources */ = {
			isa = PBXResourcesBuildPhase;
			buildActionMask = 2147483647;
			files = (
			);
			runOnlyForDeploymentPostprocessing = 0;
		};
/* End PBXResourcesBuildPhase section */

/* Begin PBXSourcesBuildPhase section */
		C00F23861967216100CC9A52 /* Sources */ = {
			isa = PBXSourcesBuildPhase;
			buildActionMask = 2147483647;
			files = (
				C00F23A81967219200CC9A52 /* Linear.swift in Sources */,
				C00F23901967216100CC9A52 /* AppDelegate.swift in Sources */,
			);
			runOnlyForDeploymentPostprocessing = 0;
		};
		C00F23931967216100CC9A52 /* Sources */ = {
			isa = PBXSourcesBuildPhase;
			buildActionMask = 2147483647;
			files = (
				C0166A311A26729B00D752B7 /* scaleTests.swift in Sources */,
			);
			runOnlyForDeploymentPostprocessing = 0;
		};
/* End PBXSourcesBuildPhase section */

/* Begin PBXTargetDependency section */
		C00F23991967216100CC9A52 /* PBXTargetDependency */ = {
			isa = PBXTargetDependency;
			target = C00F23891967216100CC9A52 /* scale */;
			targetProxy = C00F23981967216100CC9A52 /* PBXContainerItemProxy */;
		};
/* End PBXTargetDependency section */

/* Begin XCBuildConfiguration section */
		C00F239F1967216100CC9A52 /* Debug */ = {
			isa = XCBuildConfiguration;
			buildSettings = {
				ALWAYS_SEARCH_USER_PATHS = NO;
				CLANG_CXX_LANGUAGE_STANDARD = "gnu++0x";
				CLANG_CXX_LIBRARY = "libc++";
				CLANG_ENABLE_MODULES = YES;
				CLANG_ENABLE_OBJC_ARC = YES;
				CLANG_WARN_BOOL_CONVERSION = YES;
				CLANG_WARN_CONSTANT_CONVERSION = YES;
				CLANG_WARN_DIRECT_OBJC_ISA_USAGE = YES_ERROR;
				CLANG_WARN_EMPTY_BODY = YES;
				CLANG_WARN_ENUM_CONVERSION = YES;
				CLANG_WARN_INT_CONVERSION = YES;
				CLANG_WARN_OBJC_ROOT_CLASS = YES_ERROR;
				CLANG_WARN_UNREACHABLE_CODE = YES;
				CLANG_WARN__DUPLICATE_METHOD_MATCH = YES;
				"CODE_SIGN_IDENTITY[sdk=iphoneos*]" = "iPhone Developer";
				COPY_PHASE_STRIP = NO;
				ENABLE_STRICT_OBJC_MSGSEND = YES;
				GCC_C_LANGUAGE_STANDARD = gnu99;
				GCC_DYNAMIC_NO_PIC = NO;
				GCC_OPTIMIZATION_LEVEL = 0;
				GCC_PREPROCESSOR_DEFINITIONS = (
					"DEBUG=1",
					"$(inherited)",
				);
				GCC_SYMBOLS_PRIVATE_EXTERN = NO;
				GCC_WARN_64_TO_32_BIT_CONVERSION = YES;
				GCC_WARN_ABOUT_RETURN_TYPE = YES_ERROR;
				GCC_WARN_UNDECLARED_SELECTOR = YES;
				GCC_WARN_UNINITIALIZED_AUTOS = YES_AGGRESSIVE;
				GCC_WARN_UNUSED_FUNCTION = YES;
				GCC_WARN_UNUSED_VARIABLE = YES;
				IPHONEOS_DEPLOYMENT_TARGET = 8.0;
				METAL_ENABLE_DEBUG_INFO = YES;
				ONLY_ACTIVE_ARCH = YES;
				SDKROOT = iphoneos;
				SWIFT_OPTIMIZATION_LEVEL = "-Onone";
			};
			name = Debug;
		};
		C00F23A01967216100CC9A52 /* Release */ = {
			isa = XCBuildConfiguration;
			buildSettings = {
				ALWAYS_SEARCH_USER_PATHS = NO;
				CLANG_CXX_LANGUAGE_STANDARD = "gnu++0x";
				CLANG_CXX_LIBRARY = "libc++";
				CLANG_ENABLE_MODULES = YES;
				CLANG_ENABLE_OBJC_ARC = YES;
				CLANG_WARN_BOOL_CONVERSION = YES;
				CLANG_WARN_CONSTANT_CONVERSION = YES;
				CLANG_WARN_DIRECT_OBJC_ISA_USAGE = YES_ERROR;
				CLANG_WARN_EMPTY_BODY = YES;
				CLANG_WARN_ENUM_CONVERSION = YES;
				CLANG_WARN_INT_CONVERSION = YES;
				CLANG_WARN_OBJC_ROOT_CLASS = YES_ERROR;
				CLANG_WARN_UNREACHABLE_CODE = YES;
				CLANG_WARN__DUPLICATE_METHOD_MATCH = YES;
				"CODE_SIGN_IDENTITY[sdk=iphoneos*]" = "iPhone Developer";
				COPY_PHASE_STRIP = YES;
				ENABLE_NS_ASSERTIONS = NO;
				ENABLE_STRICT_OBJC_MSGSEND = YES;
				GCC_C_LANGUAGE_STANDARD = gnu99;
				GCC_WARN_64_TO_32_BIT_CONVERSION = YES;
				GCC_WARN_ABOUT_RETURN_TYPE = YES_ERROR;
				GCC_WARN_UNDECLARED_SELECTOR = YES;
				GCC_WARN_UNINITIALIZED_AUTOS = YES_AGGRESSIVE;
				GCC_WARN_UNUSED_FUNCTION = YES;
				GCC_WARN_UNUSED_VARIABLE = YES;
				IPHONEOS_DEPLOYMENT_TARGET = 8.0;
				METAL_ENABLE_DEBUG_INFO = NO;
				SDKROOT = iphoneos;
				VALIDATE_PRODUCT = YES;
			};
			name = Release;
		};
		C00F23A21967216100CC9A52 /* Debug */ = {
			isa = XCBuildConfiguration;
			buildSettings = {
				ASSETCATALOG_COMPILER_APPICON_NAME = AppIcon;
				ASSETCATALOG_COMPILER_LAUNCHIMAGE_NAME = LaunchImage;
				INFOPLIST_FILE = scale/Info.plist;
				LD_RUNPATH_SEARCH_PATHS = "$(inherited) @executable_path/Frameworks";
				PRODUCT_NAME = "$(TARGET_NAME)";
			};
			name = Debug;
		};
		C00F23A31967216100CC9A52 /* Release */ = {
			isa = XCBuildConfiguration;
			buildSettings = {
				ASSETCATALOG_COMPILER_APPICON_NAME = AppIcon;
				ASSETCATALOG_COMPILER_LAUNCHIMAGE_NAME = LaunchImage;
				INFOPLIST_FILE = scale/Info.plist;
				LD_RUNPATH_SEARCH_PATHS = "$(inherited) @executable_path/Frameworks";
				PRODUCT_NAME = "$(TARGET_NAME)";
			};
			name = Release;
		};
		C00F23A51967216100CC9A52 /* Debug */ = {
			isa = XCBuildConfiguration;
			buildSettings = {
				BUNDLE_LOADER = "$(BUILT_PRODUCTS_DIR)/scale.app/scale";
				FRAMEWORK_SEARCH_PATHS = (
					"$(SDKROOT)/Developer/Library/Frameworks",
					"$(inherited)",
				);
				GCC_PREPROCESSOR_DEFINITIONS = (
					"DEBUG=1",
					"$(inherited)",
				);
				INFOPLIST_FILE = scaleTests/Info.plist;
				LD_RUNPATH_SEARCH_PATHS = "$(inherited) @executable_path/Frameworks @loader_path/Frameworks";
				METAL_ENABLE_DEBUG_INFO = YES;
				PRODUCT_NAME = "$(TARGET_NAME)";
				TEST_HOST = "$(BUNDLE_LOADER)";
			};
			name = Debug;
		};
		C00F23A61967216100CC9A52 /* Release */ = {
			isa = XCBuildConfiguration;
			buildSettings = {
				BUNDLE_LOADER = "$(BUILT_PRODUCTS_DIR)/scale.app/scale";
				FRAMEWORK_SEARCH_PATHS = (
					"$(SDKROOT)/Developer/Library/Frameworks",
					"$(inherited)",
				);
				INFOPLIST_FILE = scaleTests/Info.plist;
				LD_RUNPATH_SEARCH_PATHS = "$(inherited) @executable_path/Frameworks @loader_path/Frameworks";
				METAL_ENABLE_DEBUG_INFO = NO;
				PRODUCT_NAME = "$(TARGET_NAME)";
				TEST_HOST = "$(BUNDLE_LOADER)";
			};
			name = Release;
		};
/* End XCBuildConfiguration section */

/* Begin XCConfigurationList section */
		C00F23851967216100CC9A52 /* Build configuration list for PBXProject "scale" */ = {
			isa = XCConfigurationList;
			buildConfigurations = (
				C00F239F1967216100CC9A52 /* Debug */,
				C00F23A01967216100CC9A52 /* Release */,
			);
			defaultConfigurationIsVisible = 0;
			defaultConfigurationName = Release;
		};
		C00F23A11967216100CC9A52 /* Build configuration list for PBXNativeTarget "scale" */ = {
			isa = XCConfigurationList;
			buildConfigurations = (
				C00F23A21967216100CC9A52 /* Debug */,
				C00F23A31967216100CC9A52 /* Release */,
			);
			defaultConfigurationIsVisible = 0;
			defaultConfigurationName = Release;
		};
		C00F23A41967216100CC9A52 /* Build configuration list for PBXNativeTarget "scaleTests" */ = {
			isa = XCConfigurationList;
			buildConfigurations = (
				C00F23A51967216100CC9A52 /* Debug */,
				C00F23A61967216100CC9A52 /* Release */,
			);
			defaultConfigurationIsVisible = 0;
			defaultConfigurationName = Release;
		};
/* End XCConfigurationList section */
	};
	rootObject = C00F23821967216100CC9A52 /* Project object */;
}
